{
  "name": "demo",
  "version": "1.0.0",
  "lockfileVersion": 1,
  "requires": true,
  "dependencies": {
    "axios": {
      "version": "0.21.1",
      "resolved": "https://registry.npm.taobao.org/axios/download/axios-0.21.1.tgz?cache=0&sync_timestamp=1608609188013&other_urls=https%3A%2F%2Fregistry.npm.taobao.org%2Faxios%2Fdownload%2Faxios-0.21.1.tgz",
      "integrity": "sha1-IlY0gZYvTWvemnbVFu8OXTwJsrg=",
      "requires": {
        "follow-redirects": "^1.10.0"
      }
    },
    "follow-redirects": {
      "version": "1.14.2",
      "resolved": "https://registry.nlark.com/follow-redirects/download/follow-redirects-1.14.2.tgz?cache=0&other_urls=https%3A%2F%2Fregistry.nlark.com%2Ffollow-redirects%2Fdownload%2Ffollow-redirects-1.14.2.tgz",
      "integrity": "sha1-zsuCUEfAD15msUL5D+1PUV3seJs="
    },
    "fshows-logger": {
      "version": "1.0.14",
      "resolved": "https://registry.nlark.com/fshows-logger/download/fshows-logger-1.0.14.tgz",
      "integrity": "sha1-btb1YGwcF5v7kdDb1RdN0ToxuoM=",
      "requires": {
        "axios": "^0.21.1"
      }
    }
  }
}
